
Microsoft Visual Studio Solution File, Format Version 12.00
# Visual Studio Version 16
VisualStudioVersion = 16.0.29911.84
MinimumVisualStudioVersion = 10.0.40219.1
Project("{FAE04EC0-301F-11D3-BF4B-00C04F79EFBC}") = "SammyAuto", "SammyAuto.csproj", "{131F04E1-5B31-4C54-8484-81A2898C243A}"
EndProject
Global
	GlobalSection(SolutionConfigurationPlatforms) = preSolution
		Debug|Any CPU = Debug|Any CPU
		Release|Any CPU = Release|Any CPU
	EndGlobalSection
	GlobalSection(ProjectConfigurationPlatforms) = postSolution
		{131F04E1-5B31-4C54-8484-81A2898C243A}.Debug|Any CPU.ActiveCfg = Debug|Any CPU
		{131F04E1-5B31-4C54-8484-81A2898C243A}.Debug|Any CPU.Build.0 = Debug|Any CPU
		{131F04E1-5B31-4C54-8484-81A2898C243A}.Release|Any CPU.ActiveCfg = Release|Any CPU
		{131F04E1-5B31-4C54-8484-81A2898C243A}.Release|Any CPU.Build.0 = Release|Any CPU
	EndGlobalSection
	GlobalSection(SolutionProperties) = preSolution
		HideSolutionNode = FALSE
	EndGlobalSection
	GlobalSection(ExtensibilityGlobals) = postSolution
		SolutionGuid = {E8CA8090-8799-4BCD-9F0F-B64D37CCE908}
	EndGlobalSection
EndGlobal
